
Microsoft Visual Studio Solution File, Format Version 12.00
# Visual Studio Version 17
VisualStudioVersion = 17.9.34607.119
MinimumVisualStudioVersion = 10.0.40219.1
Project("{FAE04EC0-301F-11D3-BF4B-00C04F79EFBC}") = "Exercício 5", "Exercício 5\Exercício 5.csproj", "{B77D5236-EF8A-4963-887B-8AFB97BE1653}"
EndProject
Global
	GlobalSection(SolutionConfigurationPlatforms) = preSolution
		Debug|Any CPU = Debug|Any CPU
		Release|Any CPU = Release|Any CPU
	EndGlobalSection
	GlobalSection(ProjectConfigurationPlatforms) = postSolution
		{B77D5236-EF8A-4963-887B-8AFB97BE1653}.Debug|Any CPU.ActiveCfg = Debug|Any CPU
		{B77D5236-EF8A-4963-887B-8AFB97BE1653}.Debug|Any CPU.Build.0 = Debug|Any CPU
		{B77D5236-EF8A-4963-887B-8AFB97BE1653}.Release|Any CPU.ActiveCfg = Release|Any CPU
		{B77D5236-EF8A-4963-887B-8AFB97BE1653}.Release|Any CPU.Build.0 = Release|Any CPU
	EndGlobalSection
	GlobalSection(SolutionProperties) = preSolution
		HideSolutionNode = FALSE
	EndGlobalSection
	GlobalSection(ExtensibilityGlobals) = postSolution
		SolutionGuid = {EB65E085-F598-4FC1-901D-B3DAD1D1A7B2}
	EndGlobalSection
EndGlobal
